
Microsoft Visual Studio Solution File, Format Version 12.00
# Visual Studio Version 17
VisualStudioVersion = 17.14.36414.22
MinimumVisualStudioVersion = 10.0.40219.1
Project("{2150E333-8FDC-42A3-9474-1A3956D46DE8}") = "src", "src", "{02EA681E-C7D8-13C7-8484-4AC65E1B71E8}"
EndProject
Project("{2150E333-8FDC-42A3-9474-1A3956D46DE8}") = "test", "test", "{A5721511-AE8F-4896-BB35-79DEC32CE72A}"
EndProject
Project("{2150E333-8FDC-42A3-9474-1A3956D46DE8}") = "db", "db", "{3CE50E58-1387-4E3E-A88A-6DF3BCE3EAE2}"
EndProject
Project("{2150E333-8FDC-42A3-9474-1A3956D46DE8}") = "docs", "docs", "{9788586B-4D8C-4116-8F53-7B936B70F9C6}"
EndProject
Project("{FAE04EC0-301F-11D3-BF4B-00C04F79EFBC}") = "KitchenEquipmentDemo.Enterprise.Data", "KitchenEquipmentDemo.Enterprise.Data\KitchenEquipmentDemo.Enterprise.Data.csproj", "{58096C5F-D360-4AFA-B928-B0CB33E96721}"
EndProject
Project("{FAE04EC0-301F-11D3-BF4B-00C04F79EFBC}") = "KitchenEquipmentDemo.Enterprise.Tests.Unit", "KitchenEquipmentDemo.Enterprise.Tests.Unit\KitchenEquipmentDemo.Enterprise.Tests.Unit.csproj", "{2D7768D3-B614-48A2-82F3-088F0B0281F0}"
EndProject
Project("{FAE04EC0-301F-11D3-BF4B-00C04F79EFBC}") = "KitchenEquipmentDemo.Enterprise.Tests.Smoke", "KitchenEquipmentDemo.Enterprise.Tests.Smoke\KitchenEquipmentDemo.Enterprise.Tests.Smoke.csproj", "{D7EF819D-D65A-4937-A288-66F774CA31FE}"
EndProject
Project("{FAE04EC0-301F-11D3-BF4B-00C04F79EFBC}") = "KitchenEquipmentDemo.Enterprise.Application", "KitchenEquipmentDemo.Enterprise.Application\KitchenEquipmentDemo.Enterprise.Application.csproj", "{77AB6530-B28D-466F-A0F8-ABFEC426DBC6}"
EndProject
Global
	GlobalSection(SolutionConfigurationPlatforms) = preSolution
		Debug|Any CPU = Debug|Any CPU
		Release|Any CPU = Release|Any CPU
	EndGlobalSection
	GlobalSection(ProjectConfigurationPlatforms) = postSolution
		{58096C5F-D360-4AFA-B928-B0CB33E96721}.Debug|Any CPU.ActiveCfg = Debug|Any CPU
		{58096C5F-D360-4AFA-B928-B0CB33E96721}.Debug|Any CPU.Build.0 = Debug|Any CPU
		{58096C5F-D360-4AFA-B928-B0CB33E96721}.Release|Any CPU.ActiveCfg = Release|Any CPU
		{58096C5F-D360-4AFA-B928-B0CB33E96721}.Release|Any CPU.Build.0 = Release|Any CPU
		{2D7768D3-B614-48A2-82F3-088F0B0281F0}.Debug|Any CPU.ActiveCfg = Debug|Any CPU
		{2D7768D3-B614-48A2-82F3-088F0B0281F0}.Debug|Any CPU.Build.0 = Debug|Any CPU
		{2D7768D3-B614-48A2-82F3-088F0B0281F0}.Release|Any CPU.ActiveCfg = Release|Any CPU
		{2D7768D3-B614-48A2-82F3-088F0B0281F0}.Release|Any CPU.Build.0 = Release|Any CPU
		{D7EF819D-D65A-4937-A288-66F774CA31FE}.Debug|Any CPU.ActiveCfg = Debug|Any CPU
		{D7EF819D-D65A-4937-A288-66F774CA31FE}.Debug|Any CPU.Build.0 = Debug|Any CPU
		{D7EF819D-D65A-4937-A288-66F774CA31FE}.Release|Any CPU.ActiveCfg = Release|Any CPU
		{D7EF819D-D65A-4937-A288-66F774CA31FE}.Release|Any CPU.Build.0 = Release|Any CPU
		{77AB6530-B28D-466F-A0F8-ABFEC426DBC6}.Debug|Any CPU.ActiveCfg = Debug|Any CPU
		{77AB6530-B28D-466F-A0F8-ABFEC426DBC6}.Debug|Any CPU.Build.0 = Debug|Any CPU
		{77AB6530-B28D-466F-A0F8-ABFEC426DBC6}.Release|Any CPU.ActiveCfg = Release|Any CPU
		{77AB6530-B28D-466F-A0F8-ABFEC426DBC6}.Release|Any CPU.Build.0 = Release|Any CPU
	EndGlobalSection
	GlobalSection(SolutionProperties) = preSolution
		HideSolutionNode = FALSE
	EndGlobalSection
	GlobalSection(NestedProjects) = preSolution
		{58096C5F-D360-4AFA-B928-B0CB33E96721} = {02EA681E-C7D8-13C7-8484-4AC65E1B71E8}
		{2D7768D3-B614-48A2-82F3-088F0B0281F0} = {A5721511-AE8F-4896-BB35-79DEC32CE72A}
		{D7EF819D-D65A-4937-A288-66F774CA31FE} = {A5721511-AE8F-4896-BB35-79DEC32CE72A}
		{77AB6530-B28D-466F-A0F8-ABFEC426DBC6} = {02EA681E-C7D8-13C7-8484-4AC65E1B71E8}
	EndGlobalSection
	GlobalSection(ExtensibilityGlobals) = postSolution
		SolutionGuid = {985AADE8-9EFB-425F-A62D-0766CF5C13F6}
	EndGlobalSection
EndGlobal
